// !$*UTF8*$!
{
	archiveVersion = 1;
	classes = {
	};
	objectVersion = 46;
	objects = {

/* Begin PBXBuildFile section */
		67AAF4AD1FF58421006EDCB8 /* AppDelegate.swift in Sources */ = {isa = PBXBuildFile; fileRef = 67AAF4AC1FF58421006EDCB8 /* AppDelegate.swift */; };
		67AAF4AF1FF58421006EDCB8 /* ViewController.swift in Sources */ = {isa = PBXBuildFile; fileRef = 67AAF4AE1FF58421006EDCB8 /* ViewController.swift */; };
		67AAF4B21FF58421006EDCB8 /* Main.storyboard in Resources */ = {isa = PBXBuildFile; fileRef = 67AAF4B01FF58421006EDCB8 /* Main.storyboard */; };
		67AAF4B41FF58421006EDCB8 /* Assets.xcassets in Resources */ = {isa = PBXBuildFile; fileRef = 67AAF4B31FF58421006EDCB8 /* Assets.xcassets */; };
		67AAF4B71FF58421006EDCB8 /* LaunchScreen.storyboard in Resources */ = {isa = PBXBuildFile; fileRef = 67AAF4B51FF58421006EDCB8 /* LaunchScreen.storyboard */; };
		67AAF4C21FF58421006EDCB8 /* qTests.swift in Sources */ = {isa = PBXBuildFile; fileRef = 67AAF4C11FF58421006EDCB8 /* qTests.swift */; };
		67AAF4CD1FF58421006EDCB8 /* qUITests.swift in Sources */ = {isa = PBXBuildFile; fileRef = 67AAF4CC1FF58421006EDCB8 /* qUITests.swift */; };
		67AAF4DF1FF58542006EDCB8 /* my.swift in Sources */ = {isa = PBXBuildFile; fileRef = 67AAF4DE1FF58542006EDCB8 /* my.swift */; };
		67AAF4E11FF5854D006EDCB8 /* my.xib in Resources */ = {isa = PBXBuildFile; fileRef = 67AAF4E01FF5854D006EDCB8 /* my.xib */; };
		67CF265D20459F830075EFB3 /* l.swift in Sources */ = {isa = PBXBuildFile; fileRef = 67CF265C20459F830075EFB3 /* l.swift */; };
/* End PBXBuildFile section */

/* Begin PBXContainerItemProxy section */
		67AAF4BE1FF58421006EDCB8 /* PBXContainerItemProxy */ = {
			isa = PBXContainerItemProxy;
			containerPortal = 67AAF4A11FF58421006EDCB8 /* Project object */;
			proxyType = 1;
			remoteGlobalIDString = 67AAF4A81FF58421006EDCB8;
			remoteInfo = q;
		};
		67AAF4C91FF58421006EDCB8 /* PBXContainerItemProxy */ = {
			isa = PBXContainerItemProxy;
			containerPortal = 67AAF4A11FF58421006EDCB8 /* Project object */;
			proxyType = 1;
			remoteGlobalIDString = 67AAF4A81FF58421006EDCB8;
			remoteInfo = q;
		};
/* End PBXContainerItemProxy section */

/* Begin PBXFileReference section */
		67AAF4A91FF58421006EDCB8 /* q.app */ = {isa = PBXFileReference; explicitFileType = wrapper.application; includeInIndex = 0; path = q.app; sourceTree = BUILT_PRODUCTS_DIR; };
		67AAF4AC1FF58421006EDCB8 /* AppDelegate.swift */ = {isa = PBXFileReference; lastKnownFileType = sourcecode.swift; path = AppDelegate.swift; sourceTree = "<group>"; };
		67AAF4AE1FF58421006EDCB8 /* ViewController.swift */ = {isa = PBXFileReference; lastKnownFileType = sourcecode.swift; path = ViewController.swift; sourceTree = "<group>"; };
		67AAF4B11FF58421006EDCB8 /* Base */ = {isa = PBXFileReference; lastKnownFileType = file.storyboard; name = Base; path = Base.lproj/Main.storyboard; sourceTree = "<group>"; };
		67AAF4B31FF58421006EDCB8 /* Assets.xcassets */ = {isa = PBXFileReference; lastKnownFileType = folder.assetcatalog; path = Assets.xcassets; sourceTree = "<group>"; };
		67AAF4B61FF58421006EDCB8 /* Base */ = {isa = PBXFileReference; lastKnownFileType = file.storyboard; name = Base; path = Base.lproj/LaunchScreen.storyboard; sourceTree = "<group>"; };
		67AAF4B81FF58421006EDCB8 /* Info.plist */ = {isa = PBXFileReference; lastKnownFileType = text.plist.xml; path = Info.plist; sourceTree = "<group>"; };
		67AAF4BD1FF58421006EDCB8 /* qTests.xctest */ = {isa = PBXFileReference; explicitFileType = wrapper.cfbundle; includeInIndex = 0; path = qTests.xctest; sourceTree = BUILT_PRODUCTS_DIR; };
		67AAF4C11FF58421006EDCB8 /* qTests.swift */ = {isa = PBXFileReference; lastKnownFileType = sourcecode.swift; path = qTests.swift; sourceTree = "<group>"; };
		67AAF4C31FF58421006EDCB8 /* Info.plist */ = {isa = PBXFileReference; lastKnownFileType = text.plist.xml; path = Info.plist; sourceTree = "<group>"; };
		67AAF4C81FF58421006EDCB8 /* qUITests.xctest */ = {isa = PBXFileReference; explicitFileType = wrapper.cfbundle; includeInIndex = 0; path = qUITests.xctest; sourceTree = BUILT_PRODUCTS_DIR; };
		67AAF4CC1FF58421006EDCB8 /* qUITests.swift */ = {isa = PBXFileReference; lastKnownFileType = sourcecode.swift; path = qUITests.swift; sourceTree = "<group>"; };
		67AAF4CE1FF58421006EDCB8 /* Info.plist */ = {isa = PBXFileReference; lastKnownFileType = text.plist.xml; path = Info.plist; sourceTree = "<group>"; };
		67AAF4DE1FF58542006EDCB8 /* my.swift */ = {isa = PBXFileReference; fileEncoding = 4; lastKnownFileType = sourcecode.swift; name = my.swift; path = ../my.swift; sourceTree = "<group>"; };
		67AAF4E01FF5854D006EDCB8 /* my.xib */ = {isa = PBXFileReference; fileEncoding = 4; lastKnownFileType = file.xib; name = my.xib; path = ../my.xib; sourceTree = "<group>"; };
		67CF265C20459F830075EFB3 /* l.swift */ = {isa = PBXFileReference; fileEncoding = 4; lastKnownFileType = sourcecode.swift; path = l.swift; sourceTree = "<group>"; };
/* End PBXFileReference section */

/* Begin PBXFrameworksBuildPhase section */
		67AAF4A61FF58421006EDCB8 /* Frameworks */ = {
			isa = PBXFrameworksBuildPhase;
			buildActionMask = 2147483647;
			files = (
			);
			runOnlyForDeploymentPostprocessing = 0;
		};
		67AAF4BA1FF58421006EDCB8 /* Frameworks */ = {
			isa = PBXFrameworksBuildPhase;
			buildActionMask = 2147483647;
			files = (
			);
			runOnlyForDeploymentPostprocessing = 0;
		};
		67AAF4C51FF58421006EDCB8 /* Frameworks */ = {
			isa = PBXFrameworksBuildPhase;
			buildActionMask = 2147483647;
			files = (
			);
			runOnlyForDeploymentPostprocessing = 0;
		};
/* End PBXFrameworksBuildPhase section */

/* Begin PBXGroup section */
		67AAF4A01FF58421006EDCB8 = {
			isa = PBXGroup;
			children = (
				67AAF4AB1FF58421006EDCB8 /* q */,
				67AAF4C01FF58421006EDCB8 /* qTests */,
				67AAF4CB1FF58421006EDCB8 /* qUITests */,
				67AAF4AA1FF58421006EDCB8 /* Products */,
			);
			sourceTree = "<group>";
		};
		67AAF4AA1FF58421006EDCB8 /* Products */ = {
			isa = PBXGroup;
			children = (
				67AAF4A91FF58421006EDCB8 /* q.app */,
				67AAF4BD1FF58421006EDCB8 /* qTests.xctest */,
				67AAF4C81FF58421006EDCB8 /* qUITests.xctest */,
			);
			name = Products;
			sourceTree = "<group>";
		};
		67AAF4AB1FF58421006EDCB8 /* q */ = {
			isa = PBXGroup;
			children = (
				67AAF4AC1FF58421006EDCB8 /* AppDelegate.swift */,
				67AAF4AE1FF58421006EDCB8 /* ViewController.swift */,
				67AAF4B01FF58421006EDCB8 /* Main.storyboard */,
				67AAF4DE1FF58542006EDCB8 /* my.swift */,
				67CF265C20459F830075EFB3 /* l.swift */,
				67AAF4E01FF5854D006EDCB8 /* my.xib */,
				67AAF4B31FF58421006EDCB8 /* Assets.xcassets */,
				67AAF4B51FF58421006EDCB8 /* LaunchScreen.storyboard */,
				67AAF4B81FF58421006EDCB8 /* Info.plist */,
			);
			path = q;
			sourceTree = "<group>";
		};
		67AAF4C01FF58421006EDCB8 /* qTests */ = {
			isa = PBXGroup;
			children = (
				67AAF4C11FF58421006EDCB8 /* qTests.swift */,
				67AAF4C31FF58421006EDCB8 /* Info.plist */,
			);
			path = qTests;
			sourceTree = "<group>";
		};
		67AAF4CB1FF58421006EDCB8 /* qUITests */ = {
			isa = PBXGroup;
			children = (
				67AAF4CC1FF58421006EDCB8 /* qUITests.swift */,
				67AAF4CE1FF58421006EDCB8 /* Info.plist */,
			);
			path = qUITests;
			sourceTree = "<group>";
		};
/* End PBXGroup section */

/* Begin PBXNativeTarget section */
		67AAF4A81FF58421006EDCB8 /* q */ = {
			isa = PBXNativeTarget;
			buildConfigurationList = 67AAF4D11FF58421006EDCB8 /* Build configuration list for PBXNativeTarget "q" */;
			buildPhases = (
				67AAF4A51FF58421006EDCB8 /* Sources */,
				67AAF4A61FF58421006EDCB8 /* Frameworks */,
				67AAF4A71FF58421006EDCB8 /* Resources */,
			);
			buildRules = (
			);
			dependencies = (
			);
			name = q;
			productName = q;
			productReference = 67AAF4A91FF58421006EDCB8 /* q.app */;
			productType = "com.apple.product-type.application";
		};
		67AAF4BC1FF58421006EDCB8 /* qTests */ = {
			isa = PBXNativeTarget;
			buildConfigurationList = 67AAF4D41FF58421006EDCB8 /* Build configuration list for PBXNativeTarget "qTests" */;
			buildPhases = (
				67AAF4B91FF58421006EDCB8 /* Sources */,
				67AAF4BA1FF58421006EDCB8 /* Frameworks */,
				67AAF4BB1FF58421006EDCB8 /* Resources */,
			);
			buildRules = (
			);
			dependencies = (
				67AAF4BF1FF58421006EDCB8 /* PBXTargetDependency */,
			);
			name = qTests;
			productName = qTests;
			productReference = 67AAF4BD1FF58421006EDCB8 /* qTests.xctest */;
			productType = "com.apple.product-type.bundle.unit-test";
		};
		67AAF4C71FF58421006EDCB8 /* qUITests */ = {
			isa = PBXNativeTarget;
			buildConfigurationList = 67AAF4D71FF58421006EDCB8 /* Build configuration list for PBXNativeTarget "qUITests" */;
			buildPhases = (
				67AAF4C41FF58421006EDCB8 /* Sources */,
				67AAF4C51FF58421006EDCB8 /* Frameworks */,
				67AAF4C61FF58421006EDCB8 /* Resources */,
			);
			buildRules = (
			);
			dependencies = (
				67AAF4CA1FF58421006EDCB8 /* PBXTargetDependency */,
			);
			name = qUITests;
			productName = qUITests;
			productReference = 67AAF4C81FF58421006EDCB8 /* qUITests.xctest */;
			productType = "com.apple.product-type.bundle.ui-testing";
		};
/* End PBXNativeTarget section */

/* Begin PBXProject section */
		67AAF4A11FF58421006EDCB8 /* Project object */ = {
			isa = PBXProject;
			attributes = {
				LastSwiftUpdateCheck = 0830;
				LastUpgradeCheck = 0830;
				ORGANIZATIONNAME = Haya;
				TargetAttributes = {
					67AAF4A81FF58421006EDCB8 = {
						CreatedOnToolsVersion = 8.3.3;
						ProvisioningStyle = Automatic;
					};
					67AAF4BC1FF58421006EDCB8 = {
						CreatedOnToolsVersion = 8.3.3;
						ProvisioningStyle = Automatic;
						TestTargetID = 67AAF4A81FF58421006EDCB8;
					};
					67AAF4C71FF58421006EDCB8 = {
						CreatedOnToolsVersion = 8.3.3;
						ProvisioningStyle = Automatic;
						TestTargetID = 67AAF4A81FF58421006EDCB8;
					};
				};
			};
			buildConfigurationList = 67AAF4A41FF58421006EDCB8 /* Build configuration list for PBXProject "q" */;
			compatibilityVersion = "Xcode 3.2";
			developmentRegion = English;
			hasScannedForEncodings = 0;
			knownRegions = (
				en,
				Base,
			);
			mainGroup = 67AAF4A01FF58421006EDCB8;
			productRefGroup = 67AAF4AA1FF58421006EDCB8 /* Products */;
			projectDirPath = "";
			projectRoot = "";
			targets = (
				67AAF4A81FF58421006EDCB8 /* q */,
				67AAF4BC1FF58421006EDCB8 /* qTests */,
				67AAF4C71FF58421006EDCB8 /* qUITests */,
			);
		};
/* End PBXProject section */

/* Begin PBXResourcesBuildPhase section */
		67AAF4A71FF58421006EDCB8 /* Resources */ = {
			isa = PBXResourcesBuildPhase;
			buildActionMask = 2147483647;
			files = (
				67AAF4B71FF58421006EDCB8 /* LaunchScreen.storyboard in Resources */,
				67AAF4E11FF5854D006EDCB8 /* my.xib in Resources */,
				67AAF4B41FF58421006EDCB8 /* Assets.xcassets in Resources */,
				67AAF4B21FF58421006EDCB8 /* Main.storyboard in Resources */,
			);
			runOnlyForDeploymentPostprocessing = 0;
		};
		67AAF4BB1FF58421006EDCB8 /* Resources */ = {
			isa = PBXResourcesBuildPhase;
			buildActionMask = 2147483647;
			files = (
			);
			runOnlyForDeploymentPostprocessing = 0;
		};
		67AAF4C61FF58421006EDCB8 /* Resources */ = {
			isa = PBXResourcesBuildPhase;
			buildActionMask = 2147483647;
			files = (
			);
			runOnlyForDeploymentPostprocessing = 0;
		};
/* End PBXResourcesBuildPhase section */

/* Begin PBXSourcesBuildPhase section */
		67AAF4A51FF58421006EDCB8 /* Sources */ = {
			isa = PBXSourcesBuildPhase;
			buildActionMask = 2147483647;
			files = (
				67AAF4AF1FF58421006EDCB8 /* ViewController.swift in Sources */,
				67AAF4DF1FF58542006EDCB8 /* my.swift in Sources */,
				67AAF4AD1FF58421006EDCB8 /* AppDelegate.swift in Sources */,
				67CF265D20459F830075EFB3 /* l.swift in Sources */,
			);
			runOnlyForDeploymentPostprocessing = 0;
		};
		67AAF4B91FF58421006EDCB8 /* Sources */ = {
			isa = PBXSourcesBuildPhase;
			buildActionMask = 2147483647;
			files = (
				67AAF4C21FF58421006EDCB8 /* qTests.swift in Sources */,
			);
			runOnlyForDeploymentPostprocessing = 0;
		};
		67AAF4C41FF58421006EDCB8 /* Sources */ = {
			isa = PBXSourcesBuildPhase;
			buildActionMask = 2147483647;
			files = (
				67AAF4CD1FF58421006EDCB8 /* qUITests.swift in Sources */,
			);
			runOnlyForDeploymentPostprocessing = 0;
		};
/* End PBXSourcesBuildPhase section */

/* Begin PBXTargetDependency section */
		67AAF4BF1FF58421006EDCB8 /* PBXTargetDependency */ = {
			isa = PBXTargetDependency;
			target = 67AAF4A81FF58421006EDCB8 /* q */;
			targetProxy = 67AAF4BE1FF58421006EDCB8 /* PBXContainerItemProxy */;
		};
		67AAF4CA1FF58421006EDCB8 /* PBXTargetDependency */ = {
			isa = PBXTargetDependency;
			target = 67AAF4A81FF58421006EDCB8 /* q */;
			targetProxy = 67AAF4C91FF58421006EDCB8 /* PBXContainerItemProxy */;
		};
/* End PBXTargetDependency section */

/* Begin PBXVariantGroup section */
		67AAF4B01FF58421006EDCB8 /* Main.storyboard */ = {
			isa = PBXVariantGroup;
			children = (
				67AAF4B11FF58421006EDCB8 /* Base */,
			);
			name = Main.storyboard;
			sourceTree = "<group>";
		};
		67AAF4B51FF58421006EDCB8 /* LaunchScreen.storyboard */ = {
			isa = PBXVariantGroup;
			children = (
				67AAF4B61FF58421006EDCB8 /* Base */,
			);
			name = LaunchScreen.storyboard;
			sourceTree = "<group>";
		};
/* End PBXVariantGroup section */

/* Begin XCBuildConfiguration section */
		67AAF4CF1FF58421006EDCB8 /* Debug */ = {
			isa = XCBuildConfiguration;
			buildSettings = {
				ALWAYS_SEARCH_USER_PATHS = NO;
				CLANG_ANALYZER_NONNULL = YES;
				CLANG_ANALYZER_NUMBER_OBJECT_CONVERSION = YES_AGGRESSIVE;
				CLANG_CXX_LANGUAGE_STANDARD = "gnu++0x";
				CLANG_CXX_LIBRARY = "libc++";
				CLANG_ENABLE_MODULES = YES;
				CLANG_ENABLE_OBJC_ARC = YES;
				CLANG_WARN_BOOL_CONVERSION = YES;
				CLANG_WARN_CONSTANT_CONVERSION = YES;
				CLANG_WARN_DIRECT_OBJC_ISA_USAGE = YES_ERROR;
				CLANG_WARN_DOCUMENTATION_COMMENTS = YES;
				CLANG_WARN_EMPTY_BODY = YES;
				CLANG_WARN_ENUM_CONVERSION = YES;
				CLANG_WARN_INFINITE_RECURSION = YES;
				CLANG_WARN_INT_CONVERSION = YES;
				CLANG_WARN_OBJC_ROOT_CLASS = YES_ERROR;
				CLANG_WARN_SUSPICIOUS_MOVE = YES;
				CLANG_WARN_UNREACHABLE_CODE = YES;
				CLANG_WARN__DUPLICATE_METHOD_MATCH = YES;
				"CODE_SIGN_IDENTITY[sdk=iphoneos*]" = "iPhone Developer";
				COPY_PHASE_STRIP = NO;
				DEBUG_INFORMATION_FORMAT = dwarf;
				ENABLE_STRICT_OBJC_MSGSEND = YES;
				ENABLE_TESTABILITY = YES;
				GCC_C_LANGUAGE_STANDARD = gnu99;
				GCC_DYNAMIC_NO_PIC = NO;
				GCC_NO_COMMON_BLOCKS = YES;
				GCC_OPTIMIZATION_LEVEL = 0;
				GCC_PREPROCESSOR_DEFINITIONS = (
					"DEBUG=1",
					"$(inherited)",
				);
				GCC_WARN_64_TO_32_BIT_CONVERSION = YES;
				GCC_WARN_ABOUT_RETURN_TYPE = YES_ERROR;
				GCC_WARN_UNDECLARED_SELECTOR = YES;
				GCC_WARN_UNINITIALIZED_AUTOS = YES_AGGRESSIVE;
				GCC_WARN_UNUSED_FUNCTION = YES;
				GCC_WARN_UNUSED_VARIABLE = YES;
				IPHONEOS_DEPLOYMENT_TARGET = 10.3;
				MTL_ENABLE_DEBUG_INFO = YES;
				ONLY_ACTIVE_ARCH = YES;
				SDKROOT = iphoneos;
				SWIFT_ACTIVE_COMPILATION_CONDITIONS = DEBUG;
				SWIFT_OPTIMIZATION_LEVEL = "-Onone";
				TARGETED_DEVICE_FAMILY = "1,2";
			};
			name = Debug;
		};
		67AAF4D01FF58421006EDCB8 /* Release */ = {
			isa = XCBuildConfiguration;
			buildSettings = {
				ALWAYS_SEARCH_USER_PATHS = NO;
				CLANG_ANALYZER_NONNULL = YES;
				CLANG_ANALYZER_NUMBER_OBJECT_CONVERSION = YES_AGGRESSIVE;
				CLANG_CXX_LANGUAGE_STANDARD = "gnu++0x";
				CLANG_CXX_LIBRARY = "libc++";
				CLANG_ENABLE_MODULES = YES;
				CLANG_ENABLE_OBJC_ARC = YES;
				CLANG_WARN_BOOL_CONVERSION = YES;
				CLANG_WARN_CONSTANT_CONVERSION = YES;
				CLANG_WARN_DIRECT_OBJC_ISA_USAGE = YES_ERROR;
				CLANG_WARN_DOCUMENTATION_COMMENTS = YES;
				CLANG_WARN_EMPTY_BODY = YES;
				CLANG_WARN_ENUM_CONVERSION = YES;
				CLANG_WARN_INFINITE_RECURSION = YES;
				CLANG_WARN_INT_CONVERSION = YES;
				CLANG_WARN_OBJC_ROOT_CLASS = YES_ERROR;
				CLANG_WARN_SUSPICIOUS_MOVE = YES;
				CLANG_WARN_UNREACHABLE_CODE = YES;
				CLANG_WARN__DUPLICATE_METHOD_MATCH = YES;
				"CODE_SIGN_IDENTITY[sdk=iphoneos*]" = "iPhone Developer";
				COPY_PHASE_STRIP = NO;
				DEBUG_INFORMATION_FORMAT = "dwarf-with-dsym";
				ENABLE_NS_ASSERTIONS = NO;
				ENABLE_STRICT_OBJC_MSGSEND = YES;
				GCC_C_LANGUAGE_STANDARD = gnu99;
				GCC_NO_COMMON_BLOCKS = YES;
				GCC_WARN_64_TO_32_BIT_CONVERSION = YES;
				GCC_WARN_ABOUT_RETURN_TYPE = YES_ERROR;
				GCC_WARN_UNDECLARED_SELECTOR = YES;
				GCC_WARN_UNINITIALIZED_AUTOS = YES_AGGRESSIVE;
				GCC_WARN_UNUSED_FUNCTION = YES;
				GCC_WARN_UNUSED_VARIABLE = YES;
				IPHONEOS_DEPLOYMENT_TARGET = 10.3;
				MTL_ENABLE_DEBUG_INFO = NO;
				SDKROOT = iphoneos;
				SWIFT_OPTIMIZATION_LEVEL = "-Owholemodule";
				TARGETED_DEVICE_FAMILY = "1,2";
				VALIDATE_PRODUCT = YES;
			};
			name = Release;
		};
		67AAF4D21FF58421006EDCB8 /* Debug */ = {
			isa = XCBuildConfiguration;
			buildSettings = {
				ASSETCATALOG_COMPILER_APPICON_NAME = AppIcon;
				INFOPLIST_FILE = q/Info.plist;
				LD_RUNPATH_SEARCH_PATHS = "$(inherited) @executable_path/Frameworks";
				PRODUCT_BUNDLE_IDENTIFIER = practise.q;
				PRODUCT_NAME = "$(TARGET_NAME)";
				SWIFT_VERSION = 3.0;
			};
			name = Debug;
		};
		67AAF4D31FF58421006EDCB8 /* Release */ = {
			isa = XCBuildConfiguration;
			buildSettings = {
				ASSETCATALOG_COMPILER_APPICON_NAME = AppIcon;
				INFOPLIST_FILE = q/Info.plist;
				LD_RUNPATH_SEARCH_PATHS = "$(inherited) @executable_path/Frameworks";
				PRODUCT_BUNDLE_IDENTIFIER = practise.q;
				PRODUCT_NAME = "$(TARGET_NAME)";
				SWIFT_VERSION = 3.0;
			};
			name = Release;
		};
		67AAF4D51FF58421006EDCB8 /* Debug */ = {
			isa = XCBuildConfiguration;
			buildSettings = {
				ALWAYS_EMBED_SWIFT_STANDARD_LIBRARIES = YES;
				BUNDLE_LOADER = "$(TEST_HOST)";
				INFOPLIST_FILE = qTests/Info.plist;
				LD_RUNPATH_SEARCH_PATHS = "$(inherited) @executable_path/Frameworks @loader_path/Frameworks";
				PRODUCT_BUNDLE_IDENTIFIER = practise.qTests;
				PRODUCT_NAME = "$(TARGET_NAME)";
				SWIFT_VERSION = 3.0;
				TEST_HOST = "$(BUILT_PRODUCTS_DIR)/q.app/q";
			};
			name = Debug;
		};
		67AAF4D61FF58421006EDCB8 /* Release */ = {
			isa = XCBuildConfiguration;
			buildSettings = {
				ALWAYS_EMBED_SWIFT_STANDARD_LIBRARIES = YES;
				BUNDLE_LOADER = "$(TEST_HOST)";
				INFOPLIST_FILE = qTests/Info.plist;
				LD_RUNPATH_SEARCH_PATHS = "$(inherited) @executable_path/Frameworks @loader_path/Frameworks";
				PRODUCT_BUNDLE_IDENTIFIER = practise.qTests;
				PRODUCT_NAME = "$(TARGET_NAME)";
				SWIFT_VERSION = 3.0;
				TEST_HOST = "$(BUILT_PRODUCTS_DIR)/q.app/q";
			};
			name = Release;
		};
		67AAF4D81FF58421006EDCB8 /* Debug */ = {
			isa = XCBuildConfiguration;
			buildSettings = {
				ALWAYS_EMBED_SWIFT_STANDARD_LIBRARIES = YES;
				INFOPLIST_FILE = qUITests/Info.plist;
				LD_RUNPATH_SEARCH_PATHS = "$(inherited) @executable_path/Frameworks @loader_path/Frameworks";
				PRODUCT_BUNDLE_IDENTIFIER = practise.qUITests;
				PRODUCT_NAME = "$(TARGET_NAME)";
				SWIFT_VERSION = 3.0;
				TEST_TARGET_NAME = q;
			};
			name = Debug;
		};
		67AAF4D91FF58421006EDCB8 /* Release */ = {
			isa = XCBuildConfiguration;
			buildSettings = {
				ALWAYS_EMBED_SWIFT_STANDARD_LIBRARIES = YES;
				INFOPLIST_FILE = qUITests/Info.plist;
				LD_RUNPATH_SEARCH_PATHS = "$(inherited) @executable_path/Frameworks @loader_path/Frameworks";
				PRODUCT_BUNDLE_IDENTIFIER = practise.qUITests;
				PRODUCT_NAME = "$(TARGET_NAME)";
				SWIFT_VERSION = 3.0;
				TEST_TARGET_NAME = q;
			};
			name = Release;
		};
/* End XCBuildConfiguration section */

/* Begin XCConfigurationList section */
		67AAF4A41FF58421006EDCB8 /* Build configuration list for PBXProject "q" */ = {
			isa = XCConfigurationList;
			buildConfigurations = (
				67AAF4CF1FF58421006EDCB8 /* Debug */,
				67AAF4D01FF58421006EDCB8 /* Release */,
			);
			defaultConfigurationIsVisible = 0;
			defaultConfigurationName = Release;
		};
		67AAF4D11FF58421006EDCB8 /* Build configuration list for PBXNativeTarget "q" */ = {
			isa = XCConfigurationList;
			buildConfigurations = (
				67AAF4D21FF58421006EDCB8 /* Debug */,
				67AAF4D31FF58421006EDCB8 /* Release */,
			);
			defaultConfigurationIsVisible = 0;
			defaultConfigurationName = Release;
		};
		67AAF4D41FF58421006EDCB8 /* Build configuration list for PBXNativeTarget "qTests" */ = {
			isa = XCConfigurationList;
			buildConfigurations = (
				67AAF4D51FF58421006EDCB8 /* Debug */,
				67AAF4D61FF58421006EDCB8 /* Release */,
			);
			defaultConfigurationIsVisible = 0;
			defaultConfigurationName = Release;
		};
		67AAF4D71FF58421006EDCB8 /* Build configuration list for PBXNativeTarget "qUITests" */ = {
			isa = XCConfigurationList;
			buildConfigurations = (
				67AAF4D81FF58421006EDCB8 /* Debug */,
				67AAF4D91FF58421006EDCB8 /* Release */,
			);
			defaultConfigurationIsVisible = 0;
			defaultConfigurationName = Release;
		};
/* End XCConfigurationList section */
	};
	rootObject = 67AAF4A11FF58421006EDCB8 /* Project object */;
}
