// !$*UTF8*$!
{
	archiveVersion = 1;
	classes = {
	};
	objectVersion = 46;
	objects = {

/* Begin PBXBuildFile section */
		8B0373EE21120546000533D1 /* AppDelegate.swift in Sources */ = {isa = PBXBuildFile; fileRef = 8B0373ED21120546000533D1 /* AppDelegate.swift */; };
		8B0373F021120547000533D1 /* ViewController.swift in Sources */ = {isa = PBXBuildFile; fileRef = 8B0373EF21120547000533D1 /* ViewController.swift */; };
		8B0373F321120547000533D1 /* Main.storyboard in Resources */ = {isa = PBXBuildFile; fileRef = 8B0373F121120547000533D1 /* Main.storyboard */; };
		8B0373F621120547000533D1 /* fireBaseApifetching.xcdatamodeld in Sources */ = {isa = PBXBuildFile; fileRef = 8B0373F421120547000533D1 /* fireBaseApifetching.xcdatamodeld */; };
		8B0373F821120547000533D1 /* Assets.xcassets in Resources */ = {isa = PBXBuildFile; fileRef = 8B0373F721120547000533D1 /* Assets.xcassets */; };
		8B0373FB21120547000533D1 /* LaunchScreen.storyboard in Resources */ = {isa = PBXBuildFile; fileRef = 8B0373F921120547000533D1 /* LaunchScreen.storyboard */; };
		8B03740621120549000533D1 /* fireBaseApifetchingTests.swift in Sources */ = {isa = PBXBuildFile; fileRef = 8B03740521120549000533D1 /* fireBaseApifetchingTests.swift */; };
		8B0374112112054A000533D1 /* fireBaseApifetchingUITests.swift in Sources */ = {isa = PBXBuildFile; fileRef = 8B0374102112054A000533D1 /* fireBaseApifetchingUITests.swift */; };
/* End PBXBuildFile section */

/* Begin PBXContainerItemProxy section */
		8B03740221120549000533D1 /* PBXContainerItemProxy */ = {
			isa = PBXContainerItemProxy;
			containerPortal = 8B0373E221120545000533D1 /* Project object */;
			proxyType = 1;
			remoteGlobalIDString = 8B0373E921120546000533D1;
			remoteInfo = fireBaseApifetching;
		};
		8B03740D2112054A000533D1 /* PBXContainerItemProxy */ = {
			isa = PBXContainerItemProxy;
			containerPortal = 8B0373E221120545000533D1 /* Project object */;
			proxyType = 1;
			remoteGlobalIDString = 8B0373E921120546000533D1;
			remoteInfo = fireBaseApifetching;
		};
/* End PBXContainerItemProxy section */

/* Begin PBXFileReference section */
		8B0373EA21120546000533D1 /* fireBaseApifetching.app */ = {isa = PBXFileReference; explicitFileType = wrapper.application; includeInIndex = 0; path = fireBaseApifetching.app; sourceTree = BUILT_PRODUCTS_DIR; };
		8B0373ED21120546000533D1 /* AppDelegate.swift */ = {isa = PBXFileReference; lastKnownFileType = sourcecode.swift; path = AppDelegate.swift; sourceTree = "<group>"; };
		8B0373EF21120547000533D1 /* ViewController.swift */ = {isa = PBXFileReference; lastKnownFileType = sourcecode.swift; path = ViewController.swift; sourceTree = "<group>"; };
		8B0373F221120547000533D1 /* Base */ = {isa = PBXFileReference; lastKnownFileType = file.storyboard; name = Base; path = Base.lproj/Main.storyboard; sourceTree = "<group>"; };
		8B0373F521120547000533D1 /* fireBaseApifetching.xcdatamodel */ = {isa = PBXFileReference; lastKnownFileType = wrapper.xcdatamodel; path = fireBaseApifetching.xcdatamodel; sourceTree = "<group>"; };
		8B0373F721120547000533D1 /* Assets.xcassets */ = {isa = PBXFileReference; lastKnownFileType = folder.assetcatalog; path = Assets.xcassets; sourceTree = "<group>"; };
		8B0373FA21120547000533D1 /* Base */ = {isa = PBXFileReference; lastKnownFileType = file.storyboard; name = Base; path = Base.lproj/LaunchScreen.storyboard; sourceTree = "<group>"; };
		8B0373FC21120548000533D1 /* Info.plist */ = {isa = PBXFileReference; lastKnownFileType = text.plist.xml; path = Info.plist; sourceTree = "<group>"; };
		8B03740121120549000533D1 /* fireBaseApifetchingTests.xctest */ = {isa = PBXFileReference; explicitFileType = wrapper.cfbundle; includeInIndex = 0; path = fireBaseApifetchingTests.xctest; sourceTree = BUILT_PRODUCTS_DIR; };
		8B03740521120549000533D1 /* fireBaseApifetchingTests.swift */ = {isa = PBXFileReference; lastKnownFileType = sourcecode.swift; path = fireBaseApifetchingTests.swift; sourceTree = "<group>"; };
		8B0374072112054A000533D1 /* Info.plist */ = {isa = PBXFileReference; lastKnownFileType = text.plist.xml; path = Info.plist; sourceTree = "<group>"; };
		8B03740C2112054A000533D1 /* fireBaseApifetchingUITests.xctest */ = {isa = PBXFileReference; explicitFileType = wrapper.cfbundle; includeInIndex = 0; path = fireBaseApifetchingUITests.xctest; sourceTree = BUILT_PRODUCTS_DIR; };
		8B0374102112054A000533D1 /* fireBaseApifetchingUITests.swift */ = {isa = PBXFileReference; lastKnownFileType = sourcecode.swift; path = fireBaseApifetchingUITests.swift; sourceTree = "<group>"; };
		8B0374122112054A000533D1 /* Info.plist */ = {isa = PBXFileReference; lastKnownFileType = text.plist.xml; path = Info.plist; sourceTree = "<group>"; };
/* End PBXFileReference section */

/* Begin PBXFrameworksBuildPhase section */
		8B0373E721120546000533D1 /* Frameworks */ = {
			isa = PBXFrameworksBuildPhase;
			buildActionMask = 2147483647;
			files = (
			);
			runOnlyForDeploymentPostprocessing = 0;
		};
		8B0373FE21120549000533D1 /* Frameworks */ = {
			isa = PBXFrameworksBuildPhase;
			buildActionMask = 2147483647;
			files = (
			);
			runOnlyForDeploymentPostprocessing = 0;
		};
		8B0374092112054A000533D1 /* Frameworks */ = {
			isa = PBXFrameworksBuildPhase;
			buildActionMask = 2147483647;
			files = (
			);
			runOnlyForDeploymentPostprocessing = 0;
		};
/* End PBXFrameworksBuildPhase section */

/* Begin PBXGroup section */
		8B0373E121120545000533D1 = {
			isa = PBXGroup;
			children = (
				8B0373EC21120546000533D1 /* fireBaseApifetching */,
				8B03740421120549000533D1 /* fireBaseApifetchingTests */,
				8B03740F2112054A000533D1 /* fireBaseApifetchingUITests */,
				8B0373EB21120546000533D1 /* Products */,
			);
			sourceTree = "<group>";
		};
		8B0373EB21120546000533D1 /* Products */ = {
			isa = PBXGroup;
			children = (
				8B0373EA21120546000533D1 /* fireBaseApifetching.app */,
				8B03740121120549000533D1 /* fireBaseApifetchingTests.xctest */,
				8B03740C2112054A000533D1 /* fireBaseApifetchingUITests.xctest */,
			);
			name = Products;
			sourceTree = "<group>";
		};
		8B0373EC21120546000533D1 /* fireBaseApifetching */ = {
			isa = PBXGroup;
			children = (
				8B0373ED21120546000533D1 /* AppDelegate.swift */,
				8B0373EF21120547000533D1 /* ViewController.swift */,
				8B0373F121120547000533D1 /* Main.storyboard */,
				8B0373F721120547000533D1 /* Assets.xcassets */,
				8B0373F921120547000533D1 /* LaunchScreen.storyboard */,
				8B0373FC21120548000533D1 /* Info.plist */,
				8B0373F421120547000533D1 /* fireBaseApifetching.xcdatamodeld */,
			);
			path = fireBaseApifetching;
			sourceTree = "<group>";
		};
		8B03740421120549000533D1 /* fireBaseApifetchingTests */ = {
			isa = PBXGroup;
			children = (
				8B03740521120549000533D1 /* fireBaseApifetchingTests.swift */,
				8B0374072112054A000533D1 /* Info.plist */,
			);
			path = fireBaseApifetchingTests;
			sourceTree = "<group>";
		};
		8B03740F2112054A000533D1 /* fireBaseApifetchingUITests */ = {
			isa = PBXGroup;
			children = (
				8B0374102112054A000533D1 /* fireBaseApifetchingUITests.swift */,
				8B0374122112054A000533D1 /* Info.plist */,
			);
			path = fireBaseApifetchingUITests;
			sourceTree = "<group>";
		};
/* End PBXGroup section */

/* Begin PBXNativeTarget section */
		8B0373E921120546000533D1 /* fireBaseApifetching */ = {
			isa = PBXNativeTarget;
			buildConfigurationList = 8B0374152112054A000533D1 /* Build configuration list for PBXNativeTarget "fireBaseApifetching" */;
			buildPhases = (
				8B0373E621120546000533D1 /* Sources */,
				8B0373E721120546000533D1 /* Frameworks */,
				8B0373E821120546000533D1 /* Resources */,
			);
			buildRules = (
			);
			dependencies = (
			);
			name = fireBaseApifetching;
			productName = fireBaseApifetching;
			productReference = 8B0373EA21120546000533D1 /* fireBaseApifetching.app */;
			productType = "com.apple.product-type.application";
		};
		8B03740021120549000533D1 /* fireBaseApifetchingTests */ = {
			isa = PBXNativeTarget;
			buildConfigurationList = 8B0374182112054A000533D1 /* Build configuration list for PBXNativeTarget "fireBaseApifetchingTests" */;
			buildPhases = (
				8B0373FD21120549000533D1 /* Sources */,
				8B0373FE21120549000533D1 /* Frameworks */,
				8B0373FF21120549000533D1 /* Resources */,
			);
			buildRules = (
			);
			dependencies = (
				8B03740321120549000533D1 /* PBXTargetDependency */,
			);
			name = fireBaseApifetchingTests;
			productName = fireBaseApifetchingTests;
			productReference = 8B03740121120549000533D1 /* fireBaseApifetchingTests.xctest */;
			productType = "com.apple.product-type.bundle.unit-test";
		};
		8B03740B2112054A000533D1 /* fireBaseApifetchingUITests */ = {
			isa = PBXNativeTarget;
			buildConfigurationList = 8B03741B2112054A000533D1 /* Build configuration list for PBXNativeTarget "fireBaseApifetchingUITests" */;
			buildPhases = (
				8B0374082112054A000533D1 /* Sources */,
				8B0374092112054A000533D1 /* Frameworks */,
				8B03740A2112054A000533D1 /* Resources */,
			);
			buildRules = (
			);
			dependencies = (
				8B03740E2112054A000533D1 /* PBXTargetDependency */,
			);
			name = fireBaseApifetchingUITests;
			productName = fireBaseApifetchingUITests;
			productReference = 8B03740C2112054A000533D1 /* fireBaseApifetchingUITests.xctest */;
			productType = "com.apple.product-type.bundle.ui-testing";
		};
/* End PBXNativeTarget section */

/* Begin PBXProject section */
		8B0373E221120545000533D1 /* Project object */ = {
			isa = PBXProject;
			attributes = {
				LastSwiftUpdateCheck = 0800;
				LastUpgradeCheck = 0800;
				ORGANIZATIONNAME = "Nano Degree";
				TargetAttributes = {
					8B0373E921120546000533D1 = {
						CreatedOnToolsVersion = 8.0;
						ProvisioningStyle = Automatic;
					};
					8B03740021120549000533D1 = {
						CreatedOnToolsVersion = 8.0;
						ProvisioningStyle = Automatic;
						TestTargetID = 8B0373E921120546000533D1;
					};
					8B03740B2112054A000533D1 = {
						CreatedOnToolsVersion = 8.0;
						ProvisioningStyle = Automatic;
						TestTargetID = 8B0373E921120546000533D1;
					};
				};
			};
			buildConfigurationList = 8B0373E521120545000533D1 /* Build configuration list for PBXProject "fireBaseApifetching" */;
			compatibilityVersion = "Xcode 3.2";
			developmentRegion = English;
			hasScannedForEncodings = 0;
			knownRegions = (
				en,
				Base,
			);
			mainGroup = 8B0373E121120545000533D1;
			productRefGroup = 8B0373EB21120546000533D1 /* Products */;
			projectDirPath = "";
			projectRoot = "";
			targets = (
				8B0373E921120546000533D1 /* fireBaseApifetching */,
				8B03740021120549000533D1 /* fireBaseApifetchingTests */,
				8B03740B2112054A000533D1 /* fireBaseApifetchingUITests */,
			);
		};
/* End PBXProject section */

/* Begin PBXResourcesBuildPhase section */
		8B0373E821120546000533D1 /* Resources */ = {
			isa = PBXResourcesBuildPhase;
			buildActionMask = 2147483647;
			files = (
				8B0373FB21120547000533D1 /* LaunchScreen.storyboard in Resources */,
				8B0373F821120547000533D1 /* Assets.xcassets in Resources */,
				8B0373F321120547000533D1 /* Main.storyboard in Resources */,
			);
			runOnlyForDeploymentPostprocessing = 0;
		};
		8B0373FF21120549000533D1 /* Resources */ = {
			isa = PBXResourcesBuildPhase;
			buildActionMask = 2147483647;
			files = (
			);
			runOnlyForDeploymentPostprocessing = 0;
		};
		8B03740A2112054A000533D1 /* Resources */ = {
			isa = PBXResourcesBuildPhase;
			buildActionMask = 2147483647;
			files = (
			);
			runOnlyForDeploymentPostprocessing = 0;
		};
/* End PBXResourcesBuildPhase section */

/* Begin PBXSourcesBuildPhase section */
		8B0373E621120546000533D1 /* Sources */ = {
			isa = PBXSourcesBuildPhase;
			buildActionMask = 2147483647;
			files = (
				8B0373F021120547000533D1 /* ViewController.swift in Sources */,
				8B0373F621120547000533D1 /* fireBaseApifetching.xcdatamodeld in Sources */,
				8B0373EE21120546000533D1 /* AppDelegate.swift in Sources */,
			);
			runOnlyForDeploymentPostprocessing = 0;
		};
		8B0373FD21120549000533D1 /* Sources */ = {
			isa = PBXSourcesBuildPhase;
			buildActionMask = 2147483647;
			files = (
				8B03740621120549000533D1 /* fireBaseApifetchingTests.swift in Sources */,
			);
			runOnlyForDeploymentPostprocessing = 0;
		};
		8B0374082112054A000533D1 /* Sources */ = {
			isa = PBXSourcesBuildPhase;
			buildActionMask = 2147483647;
			files = (
				8B0374112112054A000533D1 /* fireBaseApifetchingUITests.swift in Sources */,
			);
			runOnlyForDeploymentPostprocessing = 0;
		};
/* End PBXSourcesBuildPhase section */

/* Begin PBXTargetDependency section */
		8B03740321120549000533D1 /* PBXTargetDependency */ = {
			isa = PBXTargetDependency;
			target = 8B0373E921120546000533D1 /* fireBaseApifetching */;
			targetProxy = 8B03740221120549000533D1 /* PBXContainerItemProxy */;
		};
		8B03740E2112054A000533D1 /* PBXTargetDependency */ = {
			isa = PBXTargetDependency;
			target = 8B0373E921120546000533D1 /* fireBaseApifetching */;
			targetProxy = 8B03740D2112054A000533D1 /* PBXContainerItemProxy */;
		};
/* End PBXTargetDependency section */

/* Begin PBXVariantGroup section */
		8B0373F121120547000533D1 /* Main.storyboard */ = {
			isa = PBXVariantGroup;
			children = (
				8B0373F221120547000533D1 /* Base */,
			);
			name = Main.storyboard;
			sourceTree = "<group>";
		};
		8B0373F921120547000533D1 /* LaunchScreen.storyboard */ = {
			isa = PBXVariantGroup;
			children = (
				8B0373FA21120547000533D1 /* Base */,
			);
			name = LaunchScreen.storyboard;
			sourceTree = "<group>";
		};
/* End PBXVariantGroup section */

/* Begin XCBuildConfiguration section */
		8B0374132112054A000533D1 /* Debug */ = {
			isa = XCBuildConfiguration;
			buildSettings = {
				ALWAYS_SEARCH_USER_PATHS = NO;
				CLANG_ANALYZER_NONNULL = YES;
				CLANG_CXX_LANGUAGE_STANDARD = "gnu++0x";
				CLANG_CXX_LIBRARY = "libc++";
				CLANG_ENABLE_MODULES = YES;
				CLANG_ENABLE_OBJC_ARC = YES;
				CLANG_WARN_BOOL_CONVERSION = YES;
				CLANG_WARN_CONSTANT_CONVERSION = YES;
				CLANG_WARN_DIRECT_OBJC_ISA_USAGE = YES_ERROR;
				CLANG_WARN_DOCUMENTATION_COMMENTS = YES;
				CLANG_WARN_EMPTY_BODY = YES;
				CLANG_WARN_ENUM_CONVERSION = YES;
				CLANG_WARN_INFINITE_RECURSION = YES;
				CLANG_WARN_INT_CONVERSION = YES;
				CLANG_WARN_OBJC_ROOT_CLASS = YES_ERROR;
				CLANG_WARN_SUSPICIOUS_MOVES = YES;
				CLANG_WARN_UNREACHABLE_CODE = YES;
				CLANG_WARN__DUPLICATE_METHOD_MATCH = YES;
				"CODE_SIGN_IDENTITY[sdk=iphoneos*]" = "iPhone Developer";
				COPY_PHASE_STRIP = NO;
				DEBUG_INFORMATION_FORMAT = dwarf;
				ENABLE_STRICT_OBJC_MSGSEND = YES;
				ENABLE_TESTABILITY = YES;
				GCC_C_LANGUAGE_STANDARD = gnu99;
				GCC_DYNAMIC_NO_PIC = NO;
				GCC_NO_COMMON_BLOCKS = YES;
				GCC_OPTIMIZATION_LEVEL = 0;
				GCC_PREPROCESSOR_DEFINITIONS = (
					"DEBUG=1",
					"$(inherited)",
				);
				GCC_WARN_64_TO_32_BIT_CONVERSION = YES;
				GCC_WARN_ABOUT_RETURN_TYPE = YES_ERROR;
				GCC_WARN_UNDECLARED_SELECTOR = YES;
				GCC_WARN_UNINITIALIZED_AUTOS = YES_AGGRESSIVE;
				GCC_WARN_UNUSED_FUNCTION = YES;
				GCC_WARN_UNUSED_VARIABLE = YES;
				IPHONEOS_DEPLOYMENT_TARGET = 10.0;
				MTL_ENABLE_DEBUG_INFO = YES;
				ONLY_ACTIVE_ARCH = YES;
				SDKROOT = iphoneos;
				SWIFT_ACTIVE_COMPILATION_CONDITIONS = DEBUG;
				SWIFT_OPTIMIZATION_LEVEL = "-Onone";
				TARGETED_DEVICE_FAMILY = "1,2";
			};
			name = Debug;
		};
		8B0374142112054A000533D1 /* Release */ = {
			isa = XCBuildConfiguration;
			buildSettings = {
				ALWAYS_SEARCH_USER_PATHS = NO;
				CLANG_ANALYZER_NONNULL = YES;
				CLANG_CXX_LANGUAGE_STANDARD = "gnu++0x";
				CLANG_CXX_LIBRARY = "libc++";
				CLANG_ENABLE_MODULES = YES;
				CLANG_ENABLE_OBJC_ARC = YES;
				CLANG_WARN_BOOL_CONVERSION = YES;
				CLANG_WARN_CONSTANT_CONVERSION = YES;
				CLANG_WARN_DIRECT_OBJC_ISA_USAGE = YES_ERROR;
				CLANG_WARN_DOCUMENTATION_COMMENTS = YES;
				CLANG_WARN_EMPTY_BODY = YES;
				CLANG_WARN_ENUM_CONVERSION = YES;
				CLANG_WARN_INFINITE_RECURSION = YES;
				CLANG_WARN_INT_CONVERSION = YES;
				CLANG_WARN_OBJC_ROOT_CLASS = YES_ERROR;
				CLANG_WARN_SUSPICIOUS_MOVES = YES;
				CLANG_WARN_UNREACHABLE_CODE = YES;
				CLANG_WARN__DUPLICATE_METHOD_MATCH = YES;
				"CODE_SIGN_IDENTITY[sdk=iphoneos*]" = "iPhone Developer";
				COPY_PHASE_STRIP = NO;
				DEBUG_INFORMATION_FORMAT = "dwarf-with-dsym";
				ENABLE_NS_ASSERTIONS = NO;
				ENABLE_STRICT_OBJC_MSGSEND = YES;
				GCC_C_LANGUAGE_STANDARD = gnu99;
				GCC_NO_COMMON_BLOCKS = YES;
				GCC_WARN_64_TO_32_BIT_CONVERSION = YES;
				GCC_WARN_ABOUT_RETURN_TYPE = YES_ERROR;
				GCC_WARN_UNDECLARED_SELECTOR = YES;
				GCC_WARN_UNINITIALIZED_AUTOS = YES_AGGRESSIVE;
				GCC_WARN_UNUSED_FUNCTION = YES;
				GCC_WARN_UNUSED_VARIABLE = YES;
				IPHONEOS_DEPLOYMENT_TARGET = 10.0;
				MTL_ENABLE_DEBUG_INFO = NO;
				SDKROOT = iphoneos;
				SWIFT_OPTIMIZATION_LEVEL = "-Owholemodule";
				TARGETED_DEVICE_FAMILY = "1,2";
				VALIDATE_PRODUCT = YES;
			};
			name = Release;
		};
		8B0374162112054A000533D1 /* Debug */ = {
			isa = XCBuildConfiguration;
			buildSettings = {
				ASSETCATALOG_COMPILER_APPICON_NAME = AppIcon;
				INFOPLIST_FILE = fireBaseApifetching/Info.plist;
				LD_RUNPATH_SEARCH_PATHS = "$(inherited) @executable_path/Frameworks";
				PRODUCT_BUNDLE_IDENTIFIER = nanoDegree.fireBaseApifetching;
				PRODUCT_NAME = "$(TARGET_NAME)";
				SWIFT_VERSION = 3.0;
			};
			name = Debug;
		};
		8B0374172112054A000533D1 /* Release */ = {
			isa = XCBuildConfiguration;
			buildSettings = {
				ASSETCATALOG_COMPILER_APPICON_NAME = AppIcon;
				INFOPLIST_FILE = fireBaseApifetching/Info.plist;
				LD_RUNPATH_SEARCH_PATHS = "$(inherited) @executable_path/Frameworks";
				PRODUCT_BUNDLE_IDENTIFIER = nanoDegree.fireBaseApifetching;
				PRODUCT_NAME = "$(TARGET_NAME)";
				SWIFT_VERSION = 3.0;
			};
			name = Release;
		};
		8B0374192112054A000533D1 /* Debug */ = {
			isa = XCBuildConfiguration;
			buildSettings = {
				ALWAYS_EMBED_SWIFT_STANDARD_LIBRARIES = YES;
				BUNDLE_LOADER = "$(TEST_HOST)";
				INFOPLIST_FILE = fireBaseApifetchingTests/Info.plist;
				LD_RUNPATH_SEARCH_PATHS = "$(inherited) @executable_path/Frameworks @loader_path/Frameworks";
				PRODUCT_BUNDLE_IDENTIFIER = nanoDegree.fireBaseApifetchingTests;
				PRODUCT_NAME = "$(TARGET_NAME)";
				SWIFT_VERSION = 3.0;
				TEST_HOST = "$(BUILT_PRODUCTS_DIR)/fireBaseApifetching.app/fireBaseApifetching";
			};
			name = Debug;
		};
		8B03741A2112054A000533D1 /* Release */ = {
			isa = XCBuildConfiguration;
			buildSettings = {
				ALWAYS_EMBED_SWIFT_STANDARD_LIBRARIES = YES;
				BUNDLE_LOADER = "$(TEST_HOST)";
				INFOPLIST_FILE = fireBaseApifetchingTests/Info.plist;
				LD_RUNPATH_SEARCH_PATHS = "$(inherited) @executable_path/Frameworks @loader_path/Frameworks";
				PRODUCT_BUNDLE_IDENTIFIER = nanoDegree.fireBaseApifetchingTests;
				PRODUCT_NAME = "$(TARGET_NAME)";
				SWIFT_VERSION = 3.0;
				TEST_HOST = "$(BUILT_PRODUCTS_DIR)/fireBaseApifetching.app/fireBaseApifetching";
			};
			name = Release;
		};
		8B03741C2112054A000533D1 /* Debug */ = {
			isa = XCBuildConfiguration;
			buildSettings = {
				ALWAYS_EMBED_SWIFT_STANDARD_LIBRARIES = YES;
				INFOPLIST_FILE = fireBaseApifetchingUITests/Info.plist;
				LD_RUNPATH_SEARCH_PATHS = "$(inherited) @executable_path/Frameworks @loader_path/Frameworks";
				PRODUCT_BUNDLE_IDENTIFIER = nanoDegree.fireBaseApifetchingUITests;
				PRODUCT_NAME = "$(TARGET_NAME)";
				SWIFT_VERSION = 3.0;
				TEST_TARGET_NAME = fireBaseApifetching;
			};
			name = Debug;
		};
		8B03741D2112054A000533D1 /* Release */ = {
			isa = XCBuildConfiguration;
			buildSettings = {
				ALWAYS_EMBED_SWIFT_STANDARD_LIBRARIES = YES;
				INFOPLIST_FILE = fireBaseApifetchingUITests/Info.plist;
				LD_RUNPATH_SEARCH_PATHS = "$(inherited) @executable_path/Frameworks @loader_path/Frameworks";
				PRODUCT_BUNDLE_IDENTIFIER = nanoDegree.fireBaseApifetchingUITests;
				PRODUCT_NAME = "$(TARGET_NAME)";
				SWIFT_VERSION = 3.0;
				TEST_TARGET_NAME = fireBaseApifetching;
			};
			name = Release;
		};
/* End XCBuildConfiguration section */

/* Begin XCConfigurationList section */
		8B0373E521120545000533D1 /* Build configuration list for PBXProject "fireBaseApifetching" */ = {
			isa = XCConfigurationList;
			buildConfigurations = (
				8B0374132112054A000533D1 /* Debug */,
				8B0374142112054A000533D1 /* Release */,
			);
			defaultConfigurationIsVisible = 0;
			defaultConfigurationName = Release;
		};
		8B0374152112054A000533D1 /* Build configuration list for PBXNativeTarget "fireBaseApifetching" */ = {
			isa = XCConfigurationList;
			buildConfigurations = (
				8B0374162112054A000533D1 /* Debug */,
				8B0374172112054A000533D1 /* Release */,
			);
			defaultConfigurationIsVisible = 0;
		};
		8B0374182112054A000533D1 /* Build configuration list for PBXNativeTarget "fireBaseApifetchingTests" */ = {
			isa = XCConfigurationList;
			buildConfigurations = (
				8B0374192112054A000533D1 /* Debug */,
				8B03741A2112054A000533D1 /* Release */,
			);
			defaultConfigurationIsVisible = 0;
		};
		8B03741B2112054A000533D1 /* Build configuration list for PBXNativeTarget "fireBaseApifetchingUITests" */ = {
			isa = XCConfigurationList;
			buildConfigurations = (
				8B03741C2112054A000533D1 /* Debug */,
				8B03741D2112054A000533D1 /* Release */,
			);
			defaultConfigurationIsVisible = 0;
		};
/* End XCConfigurationList section */

/* Begin XCVersionGroup section */
		8B0373F421120547000533D1 /* fireBaseApifetching.xcdatamodeld */ = {
			isa = XCVersionGroup;
			children = (
				8B0373F521120547000533D1 /* fireBaseApifetching.xcdatamodel */,
			);
			currentVersion = 8B0373F521120547000533D1 /* fireBaseApifetching.xcdatamodel */;
			path = fireBaseApifetching.xcdatamodeld;
			sourceTree = "<group>";
			versionGroupType = wrapper.xcdatamodel;
		};
/* End XCVersionGroup section */
	};
	rootObject = 8B0373E221120545000533D1 /* Project object */;
}
